github.com/A9u/urja v0.0.0-20210430142428-e209cc70a76b h1:2pBUynFhj3jPNrieF6qAxPl2JF8KMS50dTaiUZpKGOw=
github.com/A9u/urja v0.0.0-20210430142428-e209cc70a76b/go.mod h1:eC8viTl5Xhlz1Y5NeiaucWlScnejLDISUjJMaq+qQ4U=
github.com/A9u/urja v0.1.0 h1:ZG6l5pigbQ5CMt2jBT+pNtpq8xeUZKb/OiJKJG08/a0=
github.com/A9u/urja v0.1.0/go.mod h1:eC8viTl5Xhlz1Y5NeiaucWlScnejLDISUjJMaq+qQ4U=
